
Microsoft Visual Studio Solution File, Format Version 12.00
# Visual Studio 15
VisualStudioVersion = 15.0.27130.2027
MinimumVisualStudioVersion = 10.0.40219.1
Project("{FAE04EC0-301F-11D3-BF4B-00C04F79EFBC}") = "FlightQuoteCleaner", "FlightQuoteCleaner\FlightQuoteCleaner.csproj", "{168B0FD3-1A12-4FCB-BA16-7514539F179C}"
EndProject
Project("{FAE04EC0-301F-11D3-BF4B-00C04F79EFBC}") = "FlightQuoteCleaner.Tests", "FlightQuoteCleaner.Tests\FlightQuoteCleaner.Tests.csproj", "{71E38096-B3CF-4CCB-8301-C9E5A08826CA}"
EndProject
Global
	GlobalSection(SolutionConfigurationPlatforms) = preSolution
		Debug|Any CPU = Debug|Any CPU
		Release|Any CPU = Release|Any CPU
	EndGlobalSection
	GlobalSection(ProjectConfigurationPlatforms) = postSolution
		{168B0FD3-1A12-4FCB-BA16-7514539F179C}.Debug|Any CPU.ActiveCfg = Debug|Any CPU
		{168B0FD3-1A12-4FCB-BA16-7514539F179C}.Debug|Any CPU.Build.0 = Debug|Any CPU
		{168B0FD3-1A12-4FCB-BA16-7514539F179C}.Release|Any CPU.ActiveCfg = Release|Any CPU
		{168B0FD3-1A12-4FCB-BA16-7514539F179C}.Release|Any CPU.Build.0 = Release|Any CPU
		{71E38096-B3CF-4CCB-8301-C9E5A08826CA}.Debug|Any CPU.ActiveCfg = Debug|Any CPU
		{71E38096-B3CF-4CCB-8301-C9E5A08826CA}.Debug|Any CPU.Build.0 = Debug|Any CPU
		{71E38096-B3CF-4CCB-8301-C9E5A08826CA}.Release|Any CPU.ActiveCfg = Release|Any CPU
		{71E38096-B3CF-4CCB-8301-C9E5A08826CA}.Release|Any CPU.Build.0 = Release|Any CPU
	EndGlobalSection
	GlobalSection(SolutionProperties) = preSolution
		HideSolutionNode = FALSE
	EndGlobalSection
	GlobalSection(ExtensibilityGlobals) = postSolution
		SolutionGuid = {22DBA679-9CB1-486A-88E6-AE8E9476388D}
	EndGlobalSection
EndGlobal
